
Microsoft Visual Studio Solution File, Format Version 12.00
# Visual Studio Version 16
VisualStudioVersion = 16.0.30011.22
MinimumVisualStudioVersion = 10.0.40219.1
Project("{FAE04EC0-301F-11D3-BF4B-00C04F79EFBC}") = "zajecia_14_icommand", "zajecia_14\zajecia_14_icommand.csproj", "{DCF29F09-2CF1-44DD-B74E-A3D3EF32DCF3}"
EndProject
Global
	GlobalSection(SolutionConfigurationPlatforms) = preSolution
		Debug|Any CPU = Debug|Any CPU
		Release|Any CPU = Release|Any CPU
	EndGlobalSection
	GlobalSection(ProjectConfigurationPlatforms) = postSolution
		{DCF29F09-2CF1-44DD-B74E-A3D3EF32DCF3}.Debug|Any CPU.ActiveCfg = Debug|Any CPU
		{DCF29F09-2CF1-44DD-B74E-A3D3EF32DCF3}.Debug|Any CPU.Build.0 = Debug|Any CPU
		{DCF29F09-2CF1-44DD-B74E-A3D3EF32DCF3}.Release|Any CPU.ActiveCfg = Release|Any CPU
		{DCF29F09-2CF1-44DD-B74E-A3D3EF32DCF3}.Release|Any CPU.Build.0 = Release|Any CPU
	EndGlobalSection
	GlobalSection(SolutionProperties) = preSolution
		HideSolutionNode = FALSE
	EndGlobalSection
	GlobalSection(ExtensibilityGlobals) = postSolution
		SolutionGuid = {7DEE581D-6820-42DD-8E90-9EA29491BEA0}
	EndGlobalSection
EndGlobal
